PODS:
  - Alamofire (4.5.0)
  - BadgeSwift (5.0.1)
  - FMDB (2.7.2):
    - FMDB/standard (= 2.7.2)
  - FMDB/standard (2.7.2)
  - Shifu (0.1.2):
    - FMDB

DEPENDENCIES:
  - Alamofire
  - BadgeSwift
  - FMDB
  - Shifu (from `../shifu`)

EXTERNAL SOURCES:
  Shifu:
    :path: ../shifu

SPEC CHECKSUMS:
  Alamofire: f28cdffd29de33a7bfa022cbd63ae95a27fae140
  BadgeSwift: 3defa56f504bfb46f2300122c4a565ec9e405c1e
  FMDB: 6198a90e7b6900cfc046e6bc0ef6ebb7be9236aa
  Shifu: 69e46df8bbd0ea705ee74ee6c09728f5a150fb04

PODFILE CHECKSUM: 0aa755b2f9bc9cc75ca39ecdd110ebde3d7bd167

COCOAPODS: 1.2.1
