PODS:
  - Alamofire (4.4.0)
  - FMDB (2.6.2):
    - FMDB/standard (= 2.6.2)
  - FMDB/standard (2.6.2)
  - Shifu (0.1.1)

DEPENDENCIES:
  - Alamofire (from `https://github.com/Alamofire/Alamofire.git`, branch `swift4`)
  - FMDB
  - Shifu (from `../shifu`)

EXTERNAL SOURCES:
  Alamofire:
    :branch: swift4
    :git: https://github.com/Alamofire/Alamofire.git
  Shifu:
    :path: "../shifu"

CHECKOUT OPTIONS:
  Alamofire:
    :commit: 9d6d16316edfb8ece47abebe1621d05ee6b0e6ed
    :git: https://github.com/Alamofire/Alamofire.git

SPEC CHECKSUMS:
  Alamofire: 4c2bf7fa03c4a626163606de0a417568c270575e
  FMDB: 854a0341b4726e53276f2a8996f06f1b80f9259a
  Shifu: ffdde1dee3fa84b14be026afb48a5df119d876e9

PODFILE CHECKSUM: 52072e1faeb141c577b344331ff8981bb6a67f42

COCOAPODS: 1.1.1
